{
  "name": "nestify-backend",
  "version": "2.0.0",
  "lockfileVersion": 3,
  "requires": true,
  "packages": {
    "": {
      "name": "nestify-backend",
      "version": "2.0.0",
      "hasInstallScript": true,
      "license": "ISC",
      "dependencies": {
        "nestify-backend": "^1.17.0"
      }
    },
    "node_modules/nestify-backend": {
      "version": "1.17.0",
      "resolved": "https://registry.npmjs.org/nestify-backend/-/nestify-backend-1.17.0.tgz",
      "integrity": "sha512-u2BA+cCvpJ9ZmKvceCJiTPSwPS4MNRgpeQkKvqHD8Y2nfDqJjYQIdMBXi7Sv3wYjoKAYjQ7zE0atQ0RnCXzuLg==",
      "hasInstallScript": true
    }
  }
}
